// !$*UTF8*$!
{
	archiveVersion = 1;
	classes = {
	};
	objectVersion = 50;
	objects = {

/* Begin PBXBuildFile section */
		5672FABC26B9D603003A70E7 /* Recipe_AppApp.swift in Sources */ = {isa = PBXBuildFile; fileRef = 5672FABB26B9D603003A70E7 /* Recipe_AppApp.swift */; };
		5672FABE26B9D603003A70E7 /* RecipeListView.swift in Sources */ = {isa = PBXBuildFile; fileRef = 5672FABD26B9D603003A70E7 /* RecipeListView.swift */; };
		5672FAC026B9D605003A70E7 /* Assets.xcassets in Resources */ = {isa = PBXBuildFile; fileRef = 5672FABF26B9D605003A70E7 /* Assets.xcassets */; };
		5672FAC326B9D605003A70E7 /* Preview Assets.xcassets in Resources */ = {isa = PBXBuildFile; fileRef = 5672FAC226B9D605003A70E7 /* Preview Assets.xcassets */; };
		5672FAD526B9F213003A70E7 /* recipes.json in Resources */ = {isa = PBXBuildFile; fileRef = 5672FAD426B9F213003A70E7 /* recipes.json */; };
		5672FAD726B9F296003A70E7 /* Recipe.swift in Sources */ = {isa = PBXBuildFile; fileRef = 5672FAD626B9F296003A70E7 /* Recipe.swift */; };
		5672FAD926B9FAE6003A70E7 /* RecipeModel.swift in Sources */ = {isa = PBXBuildFile; fileRef = 5672FAD826B9FAE6003A70E7 /* RecipeModel.swift */; };
		5672FADB26B9FCFE003A70E7 /* DataService.swift in Sources */ = {isa = PBXBuildFile; fileRef = 5672FADA26B9FCFE003A70E7 /* DataService.swift */; };
		5672FAF826BB27E0003A70E7 /* RecipeDetailView.swift in Sources */ = {isa = PBXBuildFile; fileRef = 5672FAF726BB27E0003A70E7 /* RecipeDetailView.swift */; };
		5672FB3226BC9012003A70E7 /* RecipeTabView.swift in Sources */ = {isa = PBXBuildFile; fileRef = 5672FB3126BC9012003A70E7 /* RecipeTabView.swift */; };
		567B5ACD26BEE889001FE231 /* RecipeFeaturedView.swift in Sources */ = {isa = PBXBuildFile; fileRef = 567B5ACC26BEE889001FE231 /* RecipeFeaturedView.swift */; };
		567B5B2F26C2D9C8001FE231 /* Rational.swift in Sources */ = {isa = PBXBuildFile; fileRef = 567B5B2E26C2D9C8001FE231 /* Rational.swift */; };
		567B5B3126C4312C001FE231 /* RecipeHighlights.swift in Sources */ = {isa = PBXBuildFile; fileRef = 567B5B3026C4312C001FE231 /* RecipeHighlights.swift */; };
/* End PBXBuildFile section */

/* Begin PBXFileReference section */
		5672FAB826B9D603003A70E7 /* Recipe App.app */ = {isa = PBXFileReference; explicitFileType = wrapper.application; includeInIndex = 0; path = "Recipe App.app"; sourceTree = BUILT_PRODUCTS_DIR; };
		5672FABB26B9D603003A70E7 /* Recipe_AppApp.swift */ = {isa = PBXFileReference; lastKnownFileType = sourcecode.swift; path = Recipe_AppApp.swift; sourceTree = "<group>"; };
		5672FABD26B9D603003A70E7 /* RecipeListView.swift */ = {isa = PBXFileReference; lastKnownFileType = sourcecode.swift; path = RecipeListView.swift; sourceTree = "<group>"; };
		5672FABF26B9D605003A70E7 /* Assets.xcassets */ = {isa = PBXFileReference; lastKnownFileType = folder.assetcatalog; path = Assets.xcassets; sourceTree = "<group>"; };
		5672FAC226B9D605003A70E7 /* Preview Assets.xcassets */ = {isa = PBXFileReference; lastKnownFileType = folder.assetcatalog; path = "Preview Assets.xcassets"; sourceTree = "<group>"; };
		5672FAC426B9D605003A70E7 /* Info.plist */ = {isa = PBXFileReference; lastKnownFileType = text.plist.xml; path = Info.plist; sourceTree = "<group>"; };
		5672FAD426B9F213003A70E7 /* recipes.json */ = {isa = PBXFileReference; fileEncoding = 4; lastKnownFileType = text.json; path = recipes.json; sourceTree = "<group>"; };
		5672FAD626B9F296003A70E7 /* Recipe.swift */ = {isa = PBXFileReference; lastKnownFileType = sourcecode.swift; path = Recipe.swift; sourceTree = "<group>"; };
		5672FAD826B9FAE6003A70E7 /* RecipeModel.swift */ = {isa = PBXFileReference; lastKnownFileType = sourcecode.swift; path = RecipeModel.swift; sourceTree = "<group>"; };
		5672FADA26B9FCFE003A70E7 /* DataService.swift */ = {isa = PBXFileReference; lastKnownFileType = sourcecode.swift; path = DataService.swift; sourceTree = "<group>"; };
		5672FAF726BB27E0003A70E7 /* RecipeDetailView.swift */ = {isa = PBXFileReference; lastKnownFileType = sourcecode.swift; path = RecipeDetailView.swift; sourceTree = "<group>"; };
		5672FB3126BC9012003A70E7 /* RecipeTabView.swift */ = {isa = PBXFileReference; lastKnownFileType = sourcecode.swift; path = RecipeTabView.swift; sourceTree = "<group>"; };
		567B5ACC26BEE889001FE231 /* RecipeFeaturedView.swift */ = {isa = PBXFileReference; lastKnownFileType = sourcecode.swift; path = RecipeFeaturedView.swift; sourceTree = "<group>"; };
		567B5B2E26C2D9C8001FE231 /* Rational.swift */ = {isa = PBXFileReference; lastKnownFileType = sourcecode.swift; path = Rational.swift; sourceTree = "<group>"; };
		567B5B3026C4312C001FE231 /* RecipeHighlights.swift */ = {isa = PBXFileReference; lastKnownFileType = sourcecode.swift; path = RecipeHighlights.swift; sourceTree = "<group>"; };
/* End PBXFileReference section */

/* Begin PBXFrameworksBuildPhase section */
		5672FAB526B9D603003A70E7 /* Frameworks */ = {
			isa = PBXFrameworksBuildPhase;
			buildActionMask = 2147483647;
			files = (
			);
			runOnlyForDeploymentPostprocessing = 0;
		};
/* End PBXFrameworksBuildPhase section */

/* Begin PBXGroup section */
		5672FAAF26B9D603003A70E7 = {
			isa = PBXGroup;
			children = (
				5672FABA26B9D603003A70E7 /* Recipe App */,
				5672FAB926B9D603003A70E7 /* Products */,
			);
			sourceTree = "<group>";
		};
		5672FAB926B9D603003A70E7 /* Products */ = {
			isa = PBXGroup;
			children = (
				5672FAB826B9D603003A70E7 /* Recipe App.app */,
			);
			name = Products;
			sourceTree = "<group>";
		};
		5672FABA26B9D603003A70E7 /* Recipe App */ = {
			isa = PBXGroup;
			children = (
				5672FABB26B9D603003A70E7 /* Recipe_AppApp.swift */,
				5672FACF26B9D69E003A70E7 /* Services */,
				5672FACE26B9D697003A70E7 /* Data */,
				5672FACC26B9D681003A70E7 /* Models */,
				5672FACB26B9D66E003A70E7 /* ViewModels */,
				5672FACA26B9D666003A70E7 /* Views */,
				5672FABF26B9D605003A70E7 /* Assets.xcassets */,
				567B5B2D26C2D976001FE231 /* Utilities */,
				5672FAC426B9D605003A70E7 /* Info.plist */,
				5672FAC126B9D605003A70E7 /* Preview Content */,
			);
			path = "Recipe App";
			sourceTree = "<group>";
		};
		5672FAC126B9D605003A70E7 /* Preview Content */ = {
			isa = PBXGroup;
			children = (
				5672FAC226B9D605003A70E7 /* Preview Assets.xcassets */,
			);
			path = "Preview Content";
			sourceTree = "<group>";
		};
		5672FACA26B9D666003A70E7 /* Views */ = {
			isa = PBXGroup;
			children = (
				5672FABD26B9D603003A70E7 /* RecipeListView.swift */,
				5672FAF726BB27E0003A70E7 /* RecipeDetailView.swift */,
				5672FB3126BC9012003A70E7 /* RecipeTabView.swift */,
				567B5ACC26BEE889001FE231 /* RecipeFeaturedView.swift */,
				567B5B3026C4312C001FE231 /* RecipeHighlights.swift */,
			);
			path = Views;
			sourceTree = "<group>";
		};
		5672FACB26B9D66E003A70E7 /* ViewModels */ = {
			isa = PBXGroup;
			children = (
				5672FAD826B9FAE6003A70E7 /* RecipeModel.swift */,
			);
			path = ViewModels;
			sourceTree = "<group>";
		};
		5672FACC26B9D681003A70E7 /* Models */ = {
			isa = PBXGroup;
			children = (
				5672FAD626B9F296003A70E7 /* Recipe.swift */,
			);
			path = Models;
			sourceTree = "<group>";
		};
		5672FACE26B9D697003A70E7 /* Data */ = {
			isa = PBXGroup;
			children = (
				5672FAD426B9F213003A70E7 /* recipes.json */,
			);
			path = Data;
			sourceTree = "<group>";
		};
		5672FACF26B9D69E003A70E7 /* Services */ = {
			isa = PBXGroup;
			children = (
				5672FADA26B9FCFE003A70E7 /* DataService.swift */,
			);
			path = Services;
			sourceTree = "<group>";
		};
		567B5B2D26C2D976001FE231 /* Utilities */ = {
			isa = PBXGroup;
			children = (
				567B5B2E26C2D9C8001FE231 /* Rational.swift */,
			);
			path = Utilities;
			sourceTree = "<group>";
		};
/* End PBXGroup section */

/* Begin PBXNativeTarget section */
		5672FAB726B9D603003A70E7 /* Recipe App */ = {
			isa = PBXNativeTarget;
			buildConfigurationList = 5672FAC726B9D605003A70E7 /* Build configuration list for PBXNativeTarget "Recipe App" */;
			buildPhases = (
				5672FAB426B9D603003A70E7 /* Sources */,
				5672FAB526B9D603003A70E7 /* Frameworks */,
				5672FAB626B9D603003A70E7 /* Resources */,
			);
			buildRules = (
			);
			dependencies = (
			);
			name = "Recipe App";
			productName = "Recipe App";
			productReference = 5672FAB826B9D603003A70E7 /* Recipe App.app */;
			productType = "com.apple.product-type.application";
		};
/* End PBXNativeTarget section */

/* Begin PBXProject section */
		5672FAB026B9D603003A70E7 /* Project object */ = {
			isa = PBXProject;
			attributes = {
				LastSwiftUpdateCheck = 1250;
				LastUpgradeCheck = 1250;
				TargetAttributes = {
					5672FAB726B9D603003A70E7 = {
						CreatedOnToolsVersion = 12.5.1;
					};
				};
			};
			buildConfigurationList = 5672FAB326B9D603003A70E7 /* Build configuration list for PBXProject "Recipe App" */;
			compatibilityVersion = "Xcode 9.3";
			developmentRegion = en;
			hasScannedForEncodings = 0;
			knownRegions = (
				en,
				Base,
			);
			mainGroup = 5672FAAF26B9D603003A70E7;
			productRefGroup = 5672FAB926B9D603003A70E7 /* Products */;
			projectDirPath = "";
			projectRoot = "";
			targets = (
				5672FAB726B9D603003A70E7 /* Recipe App */,
			);
		};
/* End PBXProject section */

/* Begin PBXResourcesBuildPhase section */
		5672FAB626B9D603003A70E7 /* Resources */ = {
			isa = PBXResourcesBuildPhase;
			buildActionMask = 2147483647;
			files = (
				5672FAC326B9D605003A70E7 /* Preview Assets.xcassets in Resources */,
				5672FAC026B9D605003A70E7 /* Assets.xcassets in Resources */,
				5672FAD526B9F213003A70E7 /* recipes.json in Resources */,
			);
			runOnlyForDeploymentPostprocessing = 0;
		};
/* End PBXResourcesBuildPhase section */

/* Begin PBXSourcesBuildPhase section */
		5672FAB426B9D603003A70E7 /* Sources */ = {
			isa = PBXSourcesBuildPhase;
			buildActionMask = 2147483647;
			files = (
				5672FAD726B9F296003A70E7 /* Recipe.swift in Sources */,
				5672FAF826BB27E0003A70E7 /* RecipeDetailView.swift in Sources */,
				567B5B3126C4312C001FE231 /* RecipeHighlights.swift in Sources */,
				567B5B2F26C2D9C8001FE231 /* Rational.swift in Sources */,
				5672FAD926B9FAE6003A70E7 /* RecipeModel.swift in Sources */,
				5672FABE26B9D603003A70E7 /* RecipeListView.swift in Sources */,
				5672FABC26B9D603003A70E7 /* Recipe_AppApp.swift in Sources */,
				5672FADB26B9FCFE003A70E7 /* DataService.swift in Sources */,
				567B5ACD26BEE889001FE231 /* RecipeFeaturedView.swift in Sources */,
				5672FB3226BC9012003A70E7 /* RecipeTabView.swift in Sources */,
			);
			runOnlyForDeploymentPostprocessing = 0;
		};
/* End PBXSourcesBuildPhase section */

/* Begin XCBuildConfiguration section */
		5672FAC526B9D605003A70E7 /* Debug */ = {
			isa = XCBuildConfiguration;
			buildSettings = {
				ALWAYS_SEARCH_USER_PATHS = NO;
				CLANG_ANALYZER_NONNULL = YES;
				CLANG_ANALYZER_NUMBER_OBJECT_CONVERSION = YES_AGGRESSIVE;
				CLANG_CXX_LANGUAGE_STANDARD = "gnu++14";
				CLANG_CXX_LIBRARY = "libc++";
				CLANG_ENABLE_MODULES = YES;
				CLANG_ENABLE_OBJC_ARC = YES;
				CLANG_ENABLE_OBJC_WEAK = YES;
				CLANG_WARN_BLOCK_CAPTURE_AUTORELEASING = YES;
				CLANG_WARN_BOOL_CONVERSION = YES;
				CLANG_WARN_COMMA = YES;
				CLANG_WARN_CONSTANT_CONVERSION = YES;
				CLANG_WARN_DEPRECATED_OBJC_IMPLEMENTATIONS = YES;
				CLANG_WARN_DIRECT_OBJC_ISA_USAGE = YES_ERROR;
				CLANG_WARN_DOCUMENTATION_COMMENTS = YES;
				CLANG_WARN_EMPTY_BODY = YES;
				CLANG_WARN_ENUM_CONVERSION = YES;
				CLANG_WARN_INFINITE_RECURSION = YES;
				CLANG_WARN_INT_CONVERSION = YES;
				CLANG_WARN_NON_LITERAL_NULL_CONVERSION = YES;
				CLANG_WARN_OBJC_IMPLICIT_RETAIN_SELF = YES;
				CLANG_WARN_OBJC_LITERAL_CONVERSION = YES;
				CLANG_WARN_OBJC_ROOT_CLASS = YES_ERROR;
				CLANG_WARN_QUOTED_INCLUDE_IN_FRAMEWORK_HEADER = YES;
				CLANG_WARN_RANGE_LOOP_ANALYSIS = YES;
				CLANG_WARN_STRICT_PROTOTYPES = YES;
				CLANG_WARN_SUSPICIOUS_MOVE = YES;
				CLANG_WARN_UNGUARDED_AVAILABILITY = YES_AGGRESSIVE;
				CLANG_WARN_UNREACHABLE_CODE = YES;
				CLANG_WARN__DUPLICATE_METHOD_MATCH = YES;
				COPY_PHASE_STRIP = NO;
				DEBUG_INFORMATION_FORMAT = dwarf;
				ENABLE_STRICT_OBJC_MSGSEND = YES;
				ENABLE_TESTABILITY = YES;
				GCC_C_LANGUAGE_STANDARD = gnu11;
				GCC_DYNAMIC_NO_PIC = NO;
				GCC_NO_COMMON_BLOCKS = YES;
				GCC_OPTIMIZATION_LEVEL = 0;
				GCC_PREPROCESSOR_DEFINITIONS = (
					"DEBUG=1",
					"$(inherited)",
				);
				GCC_WARN_64_TO_32_BIT_CONVERSION = YES;
				GCC_WARN_ABOUT_RETURN_TYPE = YES_ERROR;
				GCC_WARN_UNDECLARED_SELECTOR = YES;
				GCC_WARN_UNINITIALIZED_AUTOS = YES_AGGRESSIVE;
				GCC_WARN_UNUSED_FUNCTION = YES;
				GCC_WARN_UNUSED_VARIABLE = YES;
				IPHONEOS_DEPLOYMENT_TARGET = 14.5;
				MTL_ENABLE_DEBUG_INFO = INCLUDE_SOURCE;
				MTL_FAST_MATH = YES;
				ONLY_ACTIVE_ARCH = YES;
				SDKROOT = iphoneos;
				SWIFT_ACTIVE_COMPILATION_CONDITIONS = DEBUG;
				SWIFT_OPTIMIZATION_LEVEL = "-Onone";
			};
			name = Debug;
		};
		5672FAC626B9D605003A70E7 /* Release */ = {
			isa = XCBuildConfiguration;
			buildSettings = {
				ALWAYS_SEARCH_USER_PATHS = NO;
				CLANG_ANALYZER_NONNULL = YES;
				CLANG_ANALYZER_NUMBER_OBJECT_CONVERSION = YES_AGGRESSIVE;
				CLANG_CXX_LANGUAGE_STANDARD = "gnu++14";
				CLANG_CXX_LIBRARY = "libc++";
				CLANG_ENABLE_MODULES = YES;
				CLANG_ENABLE_OBJC_ARC = YES;
				CLANG_ENABLE_OBJC_WEAK = YES;
				CLANG_WARN_BLOCK_CAPTURE_AUTORELEASING = YES;
				CLANG_WARN_BOOL_CONVERSION = YES;
				CLANG_WARN_COMMA = YES;
				CLANG_WARN_CONSTANT_CONVERSION = YES;
				CLANG_WARN_DEPRECATED_OBJC_IMPLEMENTATIONS = YES;
				CLANG_WARN_DIRECT_OBJC_ISA_USAGE = YES_ERROR;
				CLANG_WARN_DOCUMENTATION_COMMENTS = YES;
				CLANG_WARN_EMPTY_BODY = YES;
				CLANG_WARN_ENUM_CONVERSION = YES;
				CLANG_WARN_INFINITE_RECURSION = YES;
				CLANG_WARN_INT_CONVERSION = YES;
				CLANG_WARN_NON_LITERAL_NULL_CONVERSION = YES;
				CLANG_WARN_OBJC_IMPLICIT_RETAIN_SELF = YES;
				CLANG_WARN_OBJC_LITERAL_CONVERSION = YES;
				CLANG_WARN_OBJC_ROOT_CLASS = YES_ERROR;
				CLANG_WARN_QUOTED_INCLUDE_IN_FRAMEWORK_HEADER = YES;
				CLANG_WARN_RANGE_LOOP_ANALYSIS = YES;
				CLANG_WARN_STRICT_PROTOTYPES = YES;
				CLANG_WARN_SUSPICIOUS_MOVE = YES;
				CLANG_WARN_UNGUARDED_AVAILABILITY = YES_AGGRESSIVE;
				CLANG_WARN_UNREACHABLE_CODE = YES;
				CLANG_WARN__DUPLICATE_METHOD_MATCH = YES;
				COPY_PHASE_STRIP = NO;
				DEBUG_INFORMATION_FORMAT = "dwarf-with-dsym";
				ENABLE_NS_ASSERTIONS = NO;
				ENABLE_STRICT_OBJC_MSGSEND = YES;
				GCC_C_LANGUAGE_STANDARD = gnu11;
				GCC_NO_COMMON_BLOCKS = YES;
				GCC_WARN_64_TO_32_BIT_CONVERSION = YES;
				GCC_WARN_ABOUT_RETURN_TYPE = YES_ERROR;
				GCC_WARN_UNDECLARED_SELECTOR = YES;
				GCC_WARN_UNINITIALIZED_AUTOS = YES_AGGRESSIVE;
				GCC_WARN_UNUSED_FUNCTION = YES;
				GCC_WARN_UNUSED_VARIABLE = YES;
				IPHONEOS_DEPLOYMENT_TARGET = 14.5;
				MTL_ENABLE_DEBUG_INFO = NO;
				MTL_FAST_MATH = YES;
				SDKROOT = iphoneos;
				SWIFT_COMPILATION_MODE = wholemodule;
				SWIFT_OPTIMIZATION_LEVEL = "-O";
				VALIDATE_PRODUCT = YES;
			};
			name = Release;
		};
		5672FAC826B9D605003A70E7 /* Debug */ = {
			isa = XCBuildConfiguration;
			buildSettings = {
				ASSETCATALOG_COMPILER_APPICON_NAME = AppIcon;
				ASSETCATALOG_COMPILER_GLOBAL_ACCENT_COLOR_NAME = AccentColor;
				CODE_SIGN_STYLE = Automatic;
				DEVELOPMENT_ASSET_PATHS = "\"Recipe App/Preview Content\"";
				DEVELOPMENT_TEAM = 8J99528HM9;
				ENABLE_PREVIEWS = YES;
				INFOPLIST_FILE = "Recipe App/Info.plist";
				IPHONEOS_DEPLOYMENT_TARGET = 14.0;
				LD_RUNPATH_SEARCH_PATHS = (
					"$(inherited)",
					"@executable_path/Frameworks",
				);
				PRODUCT_BUNDLE_IDENTIFIER = "com.AriyanNagratha.Recipe-App";
				PRODUCT_NAME = "$(TARGET_NAME)";
				SWIFT_VERSION = 5.0;
				TARGETED_DEVICE_FAMILY = "1,2";
			};
			name = Debug;
		};
		5672FAC926B9D605003A70E7 /* Release */ = {
			isa = XCBuildConfiguration;
			buildSettings = {
				ASSETCATALOG_COMPILER_APPICON_NAME = AppIcon;
				ASSETCATALOG_COMPILER_GLOBAL_ACCENT_COLOR_NAME = AccentColor;
				CODE_SIGN_STYLE = Automatic;
				DEVELOPMENT_ASSET_PATHS = "\"Recipe App/Preview Content\"";
				DEVELOPMENT_TEAM = 8J99528HM9;
				ENABLE_PREVIEWS = YES;
				INFOPLIST_FILE = "Recipe App/Info.plist";
				IPHONEOS_DEPLOYMENT_TARGET = 14.0;
				LD_RUNPATH_SEARCH_PATHS = (
					"$(inherited)",
					"@executable_path/Frameworks",
				);
				PRODUCT_BUNDLE_IDENTIFIER = "com.AriyanNagratha.Recipe-App";
				PRODUCT_NAME = "$(TARGET_NAME)";
				SWIFT_VERSION = 5.0;
				TARGETED_DEVICE_FAMILY = "1,2";
			};
			name = Release;
		};
/* End XCBuildConfiguration section */

/* Begin XCConfigurationList section */
		5672FAB326B9D603003A70E7 /* Build configuration list for PBXProject "Recipe App" */ = {
			isa = XCConfigurationList;
			buildConfigurations = (
				5672FAC526B9D605003A70E7 /* Debug */,
				5672FAC626B9D605003A70E7 /* Release */,
			);
			defaultConfigurationIsVisible = 0;
			defaultConfigurationName = Release;
		};
		5672FAC726B9D605003A70E7 /* Build configuration list for PBXNativeTarget "Recipe App" */ = {
			isa = XCConfigurationList;
			buildConfigurations = (
				5672FAC826B9D605003A70E7 /* Debug */,
				5672FAC926B9D605003A70E7 /* Release */,
			);
			defaultConfigurationIsVisible = 0;
			defaultConfigurationName = Release;
		};
/* End XCConfigurationList section */
	};
	rootObject = 5672FAB026B9D603003A70E7 /* Project object */;
}
